{
  "lockfileVersion": 1,
  "configVersion": 0,
  "workspaces": {
    "": {
      "name": "@hackthedev/dsync-ratelimit",
      "dependencies": {
        "@hackthedev/arraytools": "^1.0.1",
        "@hackthedev/dsync-ipsec": "^1.0.1",
      },
    },
  },
  "packages": {
    "@hackthedev/arraytools": ["@hackthedev/arraytools@1.0.2", "", {}, "sha512-rFr3L60vAqp6bs+ur2W3VqaavOzoyQxDFqGYU/R+ocgZ63Hh4nat7HRZOVqZ6BVHC/UuC4Q/Y8+BiX9i3xakkg=="],

    "@hackthedev/dsync-ipsec": ["@hackthedev/dsync-ipsec@1.0.12", "", {}, "sha512-aCPQu6Cypqa6kmIpGjmqVPsoRwaYWbtPBvhPkZjOPu/FI054DItr3gtcqCE8+sULJSzNwAo2Ol2NZP2HEWucEg=="],
  }
}
