{
  "name": "@hackthedev/dsync-ratelimit",
  "version": "1.0.1",
  "lockfileVersion": 3,
  "requires": true,
  "packages": {
    "": {
      "name": "@hackthedev/dsync-ratelimit",
      "version": "1.0.1",
      "license": "ISC",
      "dependencies": {
        "@hackthedev/dsync-ipsec": "^1.0.1"
      }
    },
    "node_modules/@hackthedev/dsync-ipsec": {
      "version": "1.0.1",
      "resolved": "https://registry.npmjs.org/@hackthedev/dsync-ipsec/-/dsync-ipsec-1.0.1.tgz",
      "integrity": "sha512-KkmckbsyXY/CXnB0Ygh+GsXEKC//3/5ihJANPd9Nd9xmd6kr/lShS3K41ExpdgbTSIroK6RpbPqPGGCqjPWBBg==",
      "license": "ISC"
    }
  }
}
